
Microsoft Visual Studio Solution File, Format Version 12.00
# Visual Studio Version 16
VisualStudioVersion = 16.0.29920.165
MinimumVisualStudioVersion = 10.0.40219.1
Project("{FAE04EC0-301F-11D3-BF4B-00C04F79EFBC}") = "MatrixOperations", "MatrixOperations.csproj", "{A8058DE5-01A1-4A87-AEE1-F2F6003DCCCB}"
EndProject
Global
	GlobalSection(SolutionConfigurationPlatforms) = preSolution
		Debug|Any CPU = Debug|Any CPU
		Release|Any CPU = Release|Any CPU
	EndGlobalSection
	GlobalSection(ProjectConfigurationPlatforms) = postSolution
		{A8058DE5-01A1-4A87-AEE1-F2F6003DCCCB}.Debug|Any CPU.ActiveCfg = Debug|Any CPU
		{A8058DE5-01A1-4A87-AEE1-F2F6003DCCCB}.Debug|Any CPU.Build.0 = Debug|Any CPU
		{A8058DE5-01A1-4A87-AEE1-F2F6003DCCCB}.Release|Any CPU.ActiveCfg = Release|Any CPU
		{A8058DE5-01A1-4A87-AEE1-F2F6003DCCCB}.Release|Any CPU.Build.0 = Release|Any CPU
	EndGlobalSection
	GlobalSection(SolutionProperties) = preSolution
		HideSolutionNode = FALSE
	EndGlobalSection
	GlobalSection(ExtensibilityGlobals) = postSolution
		SolutionGuid = {087B9989-8902-407F-979A-739A4355FA0D}
	EndGlobalSection
EndGlobal
